// !$*UTF8*$!
{
	archiveVersion = 1;
	classes = {
	};
	objectVersion = 55;
	objects = {

/* Begin PBXBuildFile section */
		AC3BB78428F15F18004C343D /* SettingsCell.swift in Sources */ = {isa = PBXBuildFile; fileRef = AC3BB78328F15F18004C343D /* SettingsCell.swift */; };
		AC3BB78628F15F24004C343D /* SocialsCell.swift in Sources */ = {isa = PBXBuildFile; fileRef = AC3BB78528F15F24004C343D /* SocialsCell.swift */; };
		AC3BB78A28F15FAD004C343D /* HeaderForProfile.swift in Sources */ = {isa = PBXBuildFile; fileRef = AC3BB78928F15FAD004C343D /* HeaderForProfile.swift */; };
		AC3BB79428F16D7E004C343D /* PhotoCell.swift in Sources */ = {isa = PBXBuildFile; fileRef = AC3BB79328F16D7E004C343D /* PhotoCell.swift */; };
		AC3BB79828F18627004C343D /* modelProfile.json in Resources */ = {isa = PBXBuildFile; fileRef = AC3BB79728F18627004C343D /* modelProfile.json */; };
		AC5069A628EFF4F900DA137D /* TabBarController.swift in Sources */ = {isa = PBXBuildFile; fileRef = AC5069A528EFF4F900DA137D /* TabBarController.swift */; };
		AC5069A928EFF56900DA137D /* UIColorExtension.swift in Sources */ = {isa = PBXBuildFile; fileRef = AC5069A828EFF56900DA137D /* UIColorExtension.swift */; };
		AC5069AB28EFF5FA00DA137D /* TopAcountsController.swift in Sources */ = {isa = PBXBuildFile; fileRef = AC5069AA28EFF5FA00DA137D /* TopAcountsController.swift */; };
		AC5069AF28EFF63700DA137D /* MainController.swift in Sources */ = {isa = PBXBuildFile; fileRef = AC5069AE28EFF63700DA137D /* MainController.swift */; };
		AC5069B128EFF65400DA137D /* ChatController.swift in Sources */ = {isa = PBXBuildFile; fileRef = AC5069B028EFF65400DA137D /* ChatController.swift */; };
		AC5069B328EFF67800DA137D /* AccountController.swift in Sources */ = {isa = PBXBuildFile; fileRef = AC5069B228EFF67800DA137D /* AccountController.swift */; };
		AC5069B528EFF8E000DA137D /* TabItem.swift in Sources */ = {isa = PBXBuildFile; fileRef = AC5069B428EFF8E000DA137D /* TabItem.swift */; };
		AC5069B728EFFA9C00DA137D /* TabMenu.swift in Sources */ = {isa = PBXBuildFile; fileRef = AC5069B628EFFA9C00DA137D /* TabMenu.swift */; };
		AC5069D128F0146600DA137D /* Section.swift in Sources */ = {isa = PBXBuildFile; fileRef = AC5069D028F0146600DA137D /* Section.swift */; };
		AC5069D328F0149500DA137D /* Chat.swift in Sources */ = {isa = PBXBuildFile; fileRef = AC5069D228F0149500DA137D /* Chat.swift */; };
		AC5069D628F014F300DA137D /* Bundle + Extension.swift in Sources */ = {isa = PBXBuildFile; fileRef = AC5069D528F014F300DA137D /* Bundle + Extension.swift */; };
		AC5069D828F015D500DA137D /* model.json in Sources */ = {isa = PBXBuildFile; fileRef = AC5069D728F015D500DA137D /* model.json */; };
		AC5069D928F01BC600DA137D /* model.json in Resources */ = {isa = PBXBuildFile; fileRef = AC5069D728F015D500DA137D /* model.json */; };
		AC5069DE28F039D100DA137D /* MatchesCell.swift in Sources */ = {isa = PBXBuildFile; fileRef = AC5069DD28F039D100DA137D /* MatchesCell.swift */; };
		AC5069E028F039F000DA137D /* ChatCell.swift in Sources */ = {isa = PBXBuildFile; fileRef = AC5069DF28F039F000DA137D /* ChatCell.swift */; };
		AC5069E528F04ED500DA137D /* HeaderView.swift in Sources */ = {isa = PBXBuildFile; fileRef = AC5069E428F04ED500DA137D /* HeaderView.swift */; };
		AC5069EB28F0698100DA137D /* Profile.swift in Sources */ = {isa = PBXBuildFile; fileRef = AC5069EA28F0698100DA137D /* Profile.swift */; };
		AC5069F228F074AF00DA137D /* ProfileSection.swift in Sources */ = {isa = PBXBuildFile; fileRef = AC5069F128F074AF00DA137D /* ProfileSection.swift */; };
		ACB31A9428EB1FFB001DC999 /* AppDelegate.swift in Sources */ = {isa = PBXBuildFile; fileRef = ACB31A9328EB1FFB001DC999 /* AppDelegate.swift */; };
		ACB31A9628EB1FFB001DC999 /* SceneDelegate.swift in Sources */ = {isa = PBXBuildFile; fileRef = ACB31A9528EB1FFB001DC999 /* SceneDelegate.swift */; };
		ACB31A9828EB1FFB001DC999 /* FeedController.swift in Sources */ = {isa = PBXBuildFile; fileRef = ACB31A9728EB1FFB001DC999 /* FeedController.swift */; };
		ACB31A9D28EB1FFC001DC999 /* Assets.xcassets in Resources */ = {isa = PBXBuildFile; fileRef = ACB31A9C28EB1FFC001DC999 /* Assets.xcassets */; };
		ACB31AA028EB1FFC001DC999 /* LaunchScreen.storyboard in Resources */ = {isa = PBXBuildFile; fileRef = ACB31A9E28EB1FFC001DC999 /* LaunchScreen.storyboard */; };
		ACB31AAB28EB1FFC001DC999 /* EmidateTests.swift in Sources */ = {isa = PBXBuildFile; fileRef = ACB31AAA28EB1FFC001DC999 /* EmidateTests.swift */; };
		ACB31AB528EB1FFC001DC999 /* EmidateUITests.swift in Sources */ = {isa = PBXBuildFile; fileRef = ACB31AB428EB1FFC001DC999 /* EmidateUITests.swift */; };
		ACB31AB728EB1FFC001DC999 /* EmidateUITestsLaunchTests.swift in Sources */ = {isa = PBXBuildFile; fileRef = ACB31AB628EB1FFC001DC999 /* EmidateUITestsLaunchTests.swift */; };
		ACCE256328F21552007A08EC /* Screen1.png in Resources */ = {isa = PBXBuildFile; fileRef = ACCE256228F21552007A08EC /* Screen1.png */; };
		ACCE256528F2158E007A08EC /* Screen2.png in Resources */ = {isa = PBXBuildFile; fileRef = ACCE256428F2158E007A08EC /* Screen2.png */; };
		ACFF978F28F1AEBC00C80FBE /* ProfileView.swift in Sources */ = {isa = PBXBuildFile; fileRef = ACFF978E28F1AEBC00C80FBE /* ProfileView.swift */; };
		ACFF979628F1E9DF00C80FBE /* PhotoViewController.swift in Sources */ = {isa = PBXBuildFile; fileRef = ACFF979528F1E9DF00C80FBE /* PhotoViewController.swift */; };
		ACFF979828F1F34A00C80FBE /* Anchor.swift in Sources */ = {isa = PBXBuildFile; fileRef = ACFF979728F1F34A00C80FBE /* Anchor.swift */; };
		ACFF97C428F2062C00C80FBE /* modelPhoto.json in Sources */ = {isa = PBXBuildFile; fileRef = ACFF97C328F2062C00C80FBE /* modelPhoto.json */; };
		ACFF97C528F2069600C80FBE /* modelPhoto.json in Resources */ = {isa = PBXBuildFile; fileRef = ACFF97C328F2062C00C80FBE /* modelPhoto.json */; };
/* End PBXBuildFile section */

/* Begin PBXContainerItemProxy section */
		ACB31AA728EB1FFC001DC999 /* PBXContainerItemProxy */ = {
			isa = PBXContainerItemProxy;
			containerPortal = ACB31A8828EB1FFB001DC999 /* Project object */;
			proxyType = 1;
			remoteGlobalIDString = ACB31A8F28EB1FFB001DC999;
			remoteInfo = Emidate;
		};
		ACB31AB128EB1FFC001DC999 /* PBXContainerItemProxy */ = {
			isa = PBXContainerItemProxy;
			containerPortal = ACB31A8828EB1FFB001DC999 /* Project object */;
			proxyType = 1;
			remoteGlobalIDString = ACB31A8F28EB1FFB001DC999;
			remoteInfo = Emidate;
		};
/* End PBXContainerItemProxy section */

/* Begin PBXFileReference section */
		AC3BB78328F15F18004C343D /* SettingsCell.swift */ = {isa = PBXFileReference; lastKnownFileType = sourcecode.swift; path = SettingsCell.swift; sourceTree = "<group>"; };
		AC3BB78528F15F24004C343D /* SocialsCell.swift */ = {isa = PBXFileReference; lastKnownFileType = sourcecode.swift; path = SocialsCell.swift; sourceTree = "<group>"; };
		AC3BB78928F15FAD004C343D /* HeaderForProfile.swift */ = {isa = PBXFileReference; lastKnownFileType = sourcecode.swift; path = HeaderForProfile.swift; sourceTree = "<group>"; };
		AC3BB79328F16D7E004C343D /* PhotoCell.swift */ = {isa = PBXFileReference; lastKnownFileType = sourcecode.swift; path = PhotoCell.swift; sourceTree = "<group>"; };
		AC3BB79728F18627004C343D /* modelProfile.json */ = {isa = PBXFileReference; lastKnownFileType = text.json; path = modelProfile.json; sourceTree = "<group>"; };
		AC5069A528EFF4F900DA137D /* TabBarController.swift */ = {isa = PBXFileReference; lastKnownFileType = sourcecode.swift; path = TabBarController.swift; sourceTree = "<group>"; };
		AC5069A828EFF56900DA137D /* UIColorExtension.swift */ = {isa = PBXFileReference; lastKnownFileType = sourcecode.swift; name = UIColorExtension.swift; path = Emidate/Extensions/UIColorExtension.swift; sourceTree = SOURCE_ROOT; };
		AC5069AA28EFF5FA00DA137D /* TopAcountsController.swift */ = {isa = PBXFileReference; lastKnownFileType = sourcecode.swift; path = TopAcountsController.swift; sourceTree = "<group>"; };
		AC5069AE28EFF63700DA137D /* MainController.swift */ = {isa = PBXFileReference; lastKnownFileType = sourcecode.swift; path = MainController.swift; sourceTree = "<group>"; };
		AC5069B028EFF65400DA137D /* ChatController.swift */ = {isa = PBXFileReference; lastKnownFileType = sourcecode.swift; path = ChatController.swift; sourceTree = "<group>"; };
		AC5069B228EFF67800DA137D /* AccountController.swift */ = {isa = PBXFileReference; lastKnownFileType = sourcecode.swift; path = AccountController.swift; sourceTree = "<group>"; };
		AC5069B428EFF8E000DA137D /* TabItem.swift */ = {isa = PBXFileReference; lastKnownFileType = sourcecode.swift; path = TabItem.swift; sourceTree = "<group>"; };
		AC5069B628EFFA9C00DA137D /* TabMenu.swift */ = {isa = PBXFileReference; lastKnownFileType = sourcecode.swift; path = TabMenu.swift; sourceTree = "<group>"; };
		AC5069D028F0146600DA137D /* Section.swift */ = {isa = PBXFileReference; lastKnownFileType = sourcecode.swift; path = Section.swift; sourceTree = "<group>"; };
		AC5069D228F0149500DA137D /* Chat.swift */ = {isa = PBXFileReference; lastKnownFileType = sourcecode.swift; path = Chat.swift; sourceTree = "<group>"; };
		AC5069D528F014F300DA137D /* Bundle + Extension.swift */ = {isa = PBXFileReference; lastKnownFileType = sourcecode.swift; path = "Bundle + Extension.swift"; sourceTree = "<group>"; };
		AC5069D728F015D500DA137D /* model.json */ = {isa = PBXFileReference; lastKnownFileType = text.json; path = model.json; sourceTree = "<group>"; };
		AC5069DD28F039D100DA137D /* MatchesCell.swift */ = {isa = PBXFileReference; lastKnownFileType = sourcecode.swift; path = MatchesCell.swift; sourceTree = "<group>"; };
		AC5069DF28F039F000DA137D /* ChatCell.swift */ = {isa = PBXFileReference; lastKnownFileType = sourcecode.swift; path = ChatCell.swift; sourceTree = "<group>"; };
		AC5069E428F04ED500DA137D /* HeaderView.swift */ = {isa = PBXFileReference; lastKnownFileType = sourcecode.swift; path = HeaderView.swift; sourceTree = "<group>"; };
		AC5069EA28F0698100DA137D /* Profile.swift */ = {isa = PBXFileReference; lastKnownFileType = sourcecode.swift; path = Profile.swift; sourceTree = "<group>"; };
		AC5069F128F074AF00DA137D /* ProfileSection.swift */ = {isa = PBXFileReference; lastKnownFileType = sourcecode.swift; path = ProfileSection.swift; sourceTree = "<group>"; };
		ACB31A9028EB1FFB001DC999 /* Emidate.app */ = {isa = PBXFileReference; explicitFileType = wrapper.application; includeInIndex = 0; path = Emidate.app; sourceTree = BUILT_PRODUCTS_DIR; };
		ACB31A9328EB1FFB001DC999 /* AppDelegate.swift */ = {isa = PBXFileReference; lastKnownFileType = sourcecode.swift; path = AppDelegate.swift; sourceTree = "<group>"; };
		ACB31A9528EB1FFB001DC999 /* SceneDelegate.swift */ = {isa = PBXFileReference; lastKnownFileType = sourcecode.swift; path = SceneDelegate.swift; sourceTree = "<group>"; };
		ACB31A9728EB1FFB001DC999 /* FeedController.swift */ = {isa = PBXFileReference; lastKnownFileType = sourcecode.swift; path = FeedController.swift; sourceTree = "<group>"; };
		ACB31A9C28EB1FFC001DC999 /* Assets.xcassets */ = {isa = PBXFileReference; lastKnownFileType = folder.assetcatalog; path = Assets.xcassets; sourceTree = "<group>"; };
		ACB31A9F28EB1FFC001DC999 /* Base */ = {isa = PBXFileReference; lastKnownFileType = file.storyboard; name = Base; path = Base.lproj/LaunchScreen.storyboard; sourceTree = "<group>"; };
		ACB31AA128EB1FFC001DC999 /* Info.plist */ = {isa = PBXFileReference; lastKnownFileType = text.plist.xml; path = Info.plist; sourceTree = "<group>"; };
		ACB31AA628EB1FFC001DC999 /* EmidateTests.xctest */ = {isa = PBXFileReference; explicitFileType = wrapper.cfbundle; includeInIndex = 0; path = EmidateTests.xctest; sourceTree = BUILT_PRODUCTS_DIR; };
		ACB31AAA28EB1FFC001DC999 /* EmidateTests.swift */ = {isa = PBXFileReference; lastKnownFileType = sourcecode.swift; path = EmidateTests.swift; sourceTree = "<group>"; };
		ACB31AB028EB1FFC001DC999 /* EmidateUITests.xctest */ = {isa = PBXFileReference; explicitFileType = wrapper.cfbundle; includeInIndex = 0; path = EmidateUITests.xctest; sourceTree = BUILT_PRODUCTS_DIR; };
		ACB31AB428EB1FFC001DC999 /* EmidateUITests.swift */ = {isa = PBXFileReference; lastKnownFileType = sourcecode.swift; path = EmidateUITests.swift; sourceTree = "<group>"; };
		ACB31AB628EB1FFC001DC999 /* EmidateUITestsLaunchTests.swift */ = {isa = PBXFileReference; lastKnownFileType = sourcecode.swift; path = EmidateUITestsLaunchTests.swift; sourceTree = "<group>"; };
		ACCE256228F21552007A08EC /* Screen1.png */ = {isa = PBXFileReference; lastKnownFileType = image.png; path = Screen1.png; sourceTree = "<group>"; };
		ACCE256428F2158E007A08EC /* Screen2.png */ = {isa = PBXFileReference; lastKnownFileType = image.png; path = Screen2.png; sourceTree = "<group>"; };
		ACFF978E28F1AEBC00C80FBE /* ProfileView.swift */ = {isa = PBXFileReference; lastKnownFileType = sourcecode.swift; path = ProfileView.swift; sourceTree = "<group>"; };
		ACFF979528F1E9DF00C80FBE /* PhotoViewController.swift */ = {isa = PBXFileReference; lastKnownFileType = sourcecode.swift; path = PhotoViewController.swift; sourceTree = "<group>"; };
		ACFF979728F1F34A00C80FBE /* Anchor.swift */ = {isa = PBXFileReference; lastKnownFileType = sourcecode.swift; path = Anchor.swift; sourceTree = "<group>"; };
		ACFF97C328F2062C00C80FBE /* modelPhoto.json */ = {isa = PBXFileReference; lastKnownFileType = text.json; path = modelPhoto.json; sourceTree = "<group>"; };
/* End PBXFileReference section */

/* Begin PBXFrameworksBuildPhase section */
		ACB31A8D28EB1FFB001DC999 /* Frameworks */ = {
			isa = PBXFrameworksBuildPhase;
			buildActionMask = 2147483647;
			files = (
			);
			runOnlyForDeploymentPostprocessing = 0;
		};
		ACB31AA328EB1FFC001DC999 /* Frameworks */ = {
			isa = PBXFrameworksBuildPhase;
			buildActionMask = 2147483647;
			files = (
			);
			runOnlyForDeploymentPostprocessing = 0;
		};
		ACB31AAD28EB1FFC001DC999 /* Frameworks */ = {
			isa = PBXFrameworksBuildPhase;
			buildActionMask = 2147483647;
			files = (
			);
			runOnlyForDeploymentPostprocessing = 0;
		};
/* End PBXFrameworksBuildPhase section */

/* Begin PBXGroup section */
		AC3BB78728F15F73004C343D /* Cells */ = {
			isa = PBXGroup;
			children = (
				AC3BB79328F16D7E004C343D /* PhotoCell.swift */,
				AC3BB78328F15F18004C343D /* SettingsCell.swift */,
				AC3BB78528F15F24004C343D /* SocialsCell.swift */,
			);
			path = Cells;
			sourceTree = "<group>";
		};
		AC5069A728EFF52D00DA137D /* TabBar */ = {
			isa = PBXGroup;
			children = (
				AC5069BA28EFFB4400DA137D /* Controller */,
				AC5069B928EFFB3D00DA137D /* Model */,
				AC5069B828EFFB3600DA137D /* View */,
			);
			path = TabBar;
			sourceTree = "<group>";
		};
		AC5069AD28EFF61800DA137D /* Delegates */ = {
			isa = PBXGroup;
			children = (
				ACB31A9528EB1FFB001DC999 /* SceneDelegate.swift */,
				ACB31A9328EB1FFB001DC999 /* AppDelegate.swift */,
			);
			path = Delegates;
			sourceTree = "<group>";
		};
		AC5069B828EFFB3600DA137D /* View */ = {
			isa = PBXGroup;
			children = (
				AC5069B628EFFA9C00DA137D /* TabMenu.swift */,
			);
			path = View;
			sourceTree = "<group>";
		};
		AC5069B928EFFB3D00DA137D /* Model */ = {
			isa = PBXGroup;
			children = (
				AC5069B428EFF8E000DA137D /* TabItem.swift */,
			);
			path = Model;
			sourceTree = "<group>";
		};
		AC5069BA28EFFB4400DA137D /* Controller */ = {
			isa = PBXGroup;
			children = (
				AC5069A528EFF4F900DA137D /* TabBarController.swift */,
			);
			path = Controller;
			sourceTree = "<group>";
		};
		AC5069BF28F0100200DA137D /* Feed */ = {
			isa = PBXGroup;
			children = (
				AC5069C528F0109400DA137D /* Controller */,
			);
			path = Feed;
			sourceTree = "<group>";
		};
		AC5069C028F0101100DA137D /* TopAccounts */ = {
			isa = PBXGroup;
			children = (
				AC5069C428F0108D00DA137D /* Controller */,
			);
			path = TopAccounts;
			sourceTree = "<group>";
		};
		AC5069C128F0103F00DA137D /* Chat */ = {
			isa = PBXGroup;
			children = (
				AC5069CF28F0145500DA137D /* Model */,
				AC5069CB28F0121E00DA137D /* View */,
				AC5069C628F0109A00DA137D /* Controller */,
			);
			path = Chat;
			sourceTree = "<group>";
		};
		AC5069C228F0104F00DA137D /* Account */ = {
			isa = PBXGroup;
			children = (
				AC5069E928F0697100DA137D /* View */,
				AC5069E828F0696D00DA137D /* Model */,
				AC5069C728F010D800DA137D /* Controller */,
			);
			path = Account;
			sourceTree = "<group>";
		};
		AC5069C328F0105A00DA137D /* Main */ = {
			isa = PBXGroup;
			children = (
				AC5069C828F010DF00DA137D /* Controller */,
			);
			path = Main;
			sourceTree = "<group>";
		};
		AC5069C428F0108D00DA137D /* Controller */ = {
			isa = PBXGroup;
			children = (
				AC5069AA28EFF5FA00DA137D /* TopAcountsController.swift */,
			);
			path = Controller;
			sourceTree = "<group>";
		};
		AC5069C528F0109400DA137D /* Controller */ = {
			isa = PBXGroup;
			children = (
				ACB31A9728EB1FFB001DC999 /* FeedController.swift */,
			);
			path = Controller;
			sourceTree = "<group>";
		};
		AC5069C628F0109A00DA137D /* Controller */ = {
			isa = PBXGroup;
			children = (
				AC5069B028EFF65400DA137D /* ChatController.swift */,
			);
			path = Controller;
			sourceTree = "<group>";
		};
		AC5069C728F010D800DA137D /* Controller */ = {
			isa = PBXGroup;
			children = (
				ACFF979528F1E9DF00C80FBE /* PhotoViewController.swift */,
				AC5069B228EFF67800DA137D /* AccountController.swift */,
			);
			path = Controller;
			sourceTree = "<group>";
		};
		AC5069C828F010DF00DA137D /* Controller */ = {
			isa = PBXGroup;
			children = (
				AC5069AE28EFF63700DA137D /* MainController.swift */,
			);
			path = Controller;
			sourceTree = "<group>";
		};
		AC5069CB28F0121E00DA137D /* View */ = {
			isa = PBXGroup;
			children = (
				AC5069DC28F0399500DA137D /* Cells */,
				AC5069E428F04ED500DA137D /* HeaderView.swift */,
			);
			path = View;
			sourceTree = "<group>";
		};
		AC5069CF28F0145500DA137D /* Model */ = {
			isa = PBXGroup;
			children = (
				AC5069D028F0146600DA137D /* Section.swift */,
				AC5069D228F0149500DA137D /* Chat.swift */,
			);
			path = Model;
			sourceTree = "<group>";
		};
		AC5069D428F014D800DA137D /* Extensions */ = {
			isa = PBXGroup;
			children = (
				AC5069A828EFF56900DA137D /* UIColorExtension.swift */,
				AC5069D528F014F300DA137D /* Bundle + Extension.swift */,
				ACFF979728F1F34A00C80FBE /* Anchor.swift */,
			);
			path = Extensions;
			sourceTree = "<group>";
		};
		AC5069DA28F01BF000DA137D /* Resources */ = {
			isa = PBXGroup;
			children = (
				ACB31A9C28EB1FFC001DC999 /* Assets.xcassets */,
				ACB31A9E28EB1FFC001DC999 /* LaunchScreen.storyboard */,
				AC5069D728F015D500DA137D /* model.json */,
				ACFF97C328F2062C00C80FBE /* modelPhoto.json */,
				AC3BB79728F18627004C343D /* modelProfile.json */,
			);
			path = Resources;
			sourceTree = "<group>";
		};
		AC5069DC28F0399500DA137D /* Cells */ = {
			isa = PBXGroup;
			children = (
				AC5069DD28F039D100DA137D /* MatchesCell.swift */,
				AC5069DF28F039F000DA137D /* ChatCell.swift */,
			);
			path = Cells;
			sourceTree = "<group>";
		};
		AC5069E828F0696D00DA137D /* Model */ = {
			isa = PBXGroup;
			children = (
				AC5069EA28F0698100DA137D /* Profile.swift */,
				AC5069F128F074AF00DA137D /* ProfileSection.swift */,
			);
			path = Model;
			sourceTree = "<group>";
		};
		AC5069E928F0697100DA137D /* View */ = {
			isa = PBXGroup;
			children = (
				AC3BB78728F15F73004C343D /* Cells */,
				AC3BB78928F15FAD004C343D /* HeaderForProfile.swift */,
				ACFF978E28F1AEBC00C80FBE /* ProfileView.swift */,
			);
			path = View;
			sourceTree = "<group>";
		};
		AC5069F328F0754B00DA137D /* Screen */ = {
			isa = PBXGroup;
			children = (
				ACCE256228F21552007A08EC /* Screen1.png */,
				ACCE256428F2158E007A08EC /* Screen2.png */,
			);
			path = Screen;
			sourceTree = "<group>";
		};
		ACB31A8728EB1FFB001DC999 = {
			isa = PBXGroup;
			children = (
				AC5069F328F0754B00DA137D /* Screen */,
				ACB31A9228EB1FFB001DC999 /* Emidate */,
				ACB31AA928EB1FFC001DC999 /* EmidateTests */,
				ACB31AB328EB1FFC001DC999 /* EmidateUITests */,
				ACB31A9128EB1FFB001DC999 /* Products */,
			);
			sourceTree = "<group>";
		};
		ACB31A9128EB1FFB001DC999 /* Products */ = {
			isa = PBXGroup;
			children = (
				ACB31A9028EB1FFB001DC999 /* Emidate.app */,
				ACB31AA628EB1FFC001DC999 /* EmidateTests.xctest */,
				ACB31AB028EB1FFC001DC999 /* EmidateUITests.xctest */,
			);
			name = Products;
			sourceTree = "<group>";
		};
		ACB31A9228EB1FFB001DC999 /* Emidate */ = {
			isa = PBXGroup;
			children = (
				ACB31AA128EB1FFC001DC999 /* Info.plist */,
				AC5069DA28F01BF000DA137D /* Resources */,
				AC5069D428F014D800DA137D /* Extensions */,
				AC5069C328F0105A00DA137D /* Main */,
				AC5069C228F0104F00DA137D /* Account */,
				AC5069C128F0103F00DA137D /* Chat */,
				AC5069BF28F0100200DA137D /* Feed */,
				AC5069C028F0101100DA137D /* TopAccounts */,
				AC5069A728EFF52D00DA137D /* TabBar */,
				AC5069AD28EFF61800DA137D /* Delegates */,
			);
			path = Emidate;
			sourceTree = "<group>";
		};
		ACB31AA928EB1FFC001DC999 /* EmidateTests */ = {
			isa = PBXGroup;
			children = (
				ACB31AAA28EB1FFC001DC999 /* EmidateTests.swift */,
			);
			path = EmidateTests;
			sourceTree = "<group>";
		};
		ACB31AB328EB1FFC001DC999 /* EmidateUITests */ = {
			isa = PBXGroup;
			children = (
				ACB31AB428EB1FFC001DC999 /* EmidateUITests.swift */,
				ACB31AB628EB1FFC001DC999 /* EmidateUITestsLaunchTests.swift */,
			);
			path = EmidateUITests;
			sourceTree = "<group>";
		};
/* End PBXGroup section */

/* Begin PBXNativeTarget section */
		ACB31A8F28EB1FFB001DC999 /* Emidate */ = {
			isa = PBXNativeTarget;
			buildConfigurationList = ACB31ABA28EB1FFC001DC999 /* Build configuration list for PBXNativeTarget "Emidate" */;
			buildPhases = (
				ACB31A8C28EB1FFB001DC999 /* Sources */,
				ACB31A8D28EB1FFB001DC999 /* Frameworks */,
				ACB31A8E28EB1FFB001DC999 /* Resources */,
			);
			buildRules = (
			);
			dependencies = (
			);
			name = Emidate;
			productName = Emidate;
			productReference = ACB31A9028EB1FFB001DC999 /* Emidate.app */;
			productType = "com.apple.product-type.application";
		};
		ACB31AA528EB1FFC001DC999 /* EmidateTests */ = {
			isa = PBXNativeTarget;
			buildConfigurationList = ACB31ABD28EB1FFC001DC999 /* Build configuration list for PBXNativeTarget "EmidateTests" */;
			buildPhases = (
				ACB31AA228EB1FFC001DC999 /* Sources */,
				ACB31AA328EB1FFC001DC999 /* Frameworks */,
				ACB31AA428EB1FFC001DC999 /* Resources */,
			);
			buildRules = (
			);
			dependencies = (
				ACB31AA828EB1FFC001DC999 /* PBXTargetDependency */,
			);
			name = EmidateTests;
			productName = EmidateTests;
			productReference = ACB31AA628EB1FFC001DC999 /* EmidateTests.xctest */;
			productType = "com.apple.product-type.bundle.unit-test";
		};
		ACB31AAF28EB1FFC001DC999 /* EmidateUITests */ = {
			isa = PBXNativeTarget;
			buildConfigurationList = ACB31AC028EB1FFC001DC999 /* Build configuration list for PBXNativeTarget "EmidateUITests" */;
			buildPhases = (
				ACB31AAC28EB1FFC001DC999 /* Sources */,
				ACB31AAD28EB1FFC001DC999 /* Frameworks */,
				ACB31AAE28EB1FFC001DC999 /* Resources */,
			);
			buildRules = (
			);
			dependencies = (
				ACB31AB228EB1FFC001DC999 /* PBXTargetDependency */,
			);
			name = EmidateUITests;
			productName = EmidateUITests;
			productReference = ACB31AB028EB1FFC001DC999 /* EmidateUITests.xctest */;
			productType = "com.apple.product-type.bundle.ui-testing";
		};
/* End PBXNativeTarget section */

/* Begin PBXProject section */
		ACB31A8828EB1FFB001DC999 /* Project object */ = {
			isa = PBXProject;
			attributes = {
				BuildIndependentTargetsInParallel = 1;
				LastSwiftUpdateCheck = 1330;
				LastUpgradeCheck = 1330;
				TargetAttributes = {
					ACB31A8F28EB1FFB001DC999 = {
						CreatedOnToolsVersion = 13.3.1;
					};
					ACB31AA528EB1FFC001DC999 = {
						CreatedOnToolsVersion = 13.3.1;
						TestTargetID = ACB31A8F28EB1FFB001DC999;
					};
					ACB31AAF28EB1FFC001DC999 = {
						CreatedOnToolsVersion = 13.3.1;
						TestTargetID = ACB31A8F28EB1FFB001DC999;
					};
				};
			};
			buildConfigurationList = ACB31A8B28EB1FFB001DC999 /* Build configuration list for PBXProject "Emidate" */;
			compatibilityVersion = "Xcode 13.0";
			developmentRegion = en;
			hasScannedForEncodings = 0;
			knownRegions = (
				en,
				Base,
			);
			mainGroup = ACB31A8728EB1FFB001DC999;
			productRefGroup = ACB31A9128EB1FFB001DC999 /* Products */;
			projectDirPath = "";
			projectRoot = "";
			targets = (
				ACB31A8F28EB1FFB001DC999 /* Emidate */,
				ACB31AA528EB1FFC001DC999 /* EmidateTests */,
				ACB31AAF28EB1FFC001DC999 /* EmidateUITests */,
			);
		};
/* End PBXProject section */

/* Begin PBXResourcesBuildPhase section */
		ACB31A8E28EB1FFB001DC999 /* Resources */ = {
			isa = PBXResourcesBuildPhase;
			buildActionMask = 2147483647;
			files = (
				ACFF97C528F2069600C80FBE /* modelPhoto.json in Resources */,
				ACCE256528F2158E007A08EC /* Screen2.png in Resources */,
				AC3BB79828F18627004C343D /* modelProfile.json in Resources */,
				AC5069D928F01BC600DA137D /* model.json in Resources */,
				ACCE256328F21552007A08EC /* Screen1.png in Resources */,
				ACB31AA028EB1FFC001DC999 /* LaunchScreen.storyboard in Resources */,
				ACB31A9D28EB1FFC001DC999 /* Assets.xcassets in Resources */,
			);
			runOnlyForDeploymentPostprocessing = 0;
		};
		ACB31AA428EB1FFC001DC999 /* Resources */ = {
			isa = PBXResourcesBuildPhase;
			buildActionMask = 2147483647;
			files = (
			);
			runOnlyForDeploymentPostprocessing = 0;
		};
		ACB31AAE28EB1FFC001DC999 /* Resources */ = {
			isa = PBXResourcesBuildPhase;
			buildActionMask = 2147483647;
			files = (
			);
			runOnlyForDeploymentPostprocessing = 0;
		};
/* End PBXResourcesBuildPhase section */

/* Begin PBXSourcesBuildPhase section */
		ACB31A8C28EB1FFB001DC999 /* Sources */ = {
			isa = PBXSourcesBuildPhase;
			buildActionMask = 2147483647;
			files = (
				AC3BB78428F15F18004C343D /* SettingsCell.swift in Sources */,
				AC5069D828F015D500DA137D /* model.json in Sources */,
				AC5069E528F04ED500DA137D /* HeaderView.swift in Sources */,
				AC5069DE28F039D100DA137D /* MatchesCell.swift in Sources */,
				ACFF97C428F2062C00C80FBE /* modelPhoto.json in Sources */,
				AC5069D328F0149500DA137D /* Chat.swift in Sources */,
				AC3BB79428F16D7E004C343D /* PhotoCell.swift in Sources */,
				AC5069E028F039F000DA137D /* ChatCell.swift in Sources */,
				ACFF978F28F1AEBC00C80FBE /* ProfileView.swift in Sources */,
				ACB31A9828EB1FFB001DC999 /* FeedController.swift in Sources */,
				ACFF979828F1F34A00C80FBE /* Anchor.swift in Sources */,
				AC5069AF28EFF63700DA137D /* MainController.swift in Sources */,
				ACB31A9428EB1FFB001DC999 /* AppDelegate.swift in Sources */,
				AC5069B128EFF65400DA137D /* ChatController.swift in Sources */,
				AC5069A928EFF56900DA137D /* UIColorExtension.swift in Sources */,
				AC5069F228F074AF00DA137D /* ProfileSection.swift in Sources */,
				AC5069AB28EFF5FA00DA137D /* TopAcountsController.swift in Sources */,
				ACFF979628F1E9DF00C80FBE /* PhotoViewController.swift in Sources */,
				AC5069B328EFF67800DA137D /* AccountController.swift in Sources */,
				AC5069A628EFF4F900DA137D /* TabBarController.swift in Sources */,
				AC5069B528EFF8E000DA137D /* TabItem.swift in Sources */,
				AC3BB78628F15F24004C343D /* SocialsCell.swift in Sources */,
				AC5069EB28F0698100DA137D /* Profile.swift in Sources */,
				AC5069D128F0146600DA137D /* Section.swift in Sources */,
				AC3BB78A28F15FAD004C343D /* HeaderForProfile.swift in Sources */,
				ACB31A9628EB1FFB001DC999 /* SceneDelegate.swift in Sources */,
				AC5069B728EFFA9C00DA137D /* TabMenu.swift in Sources */,
				AC5069D628F014F300DA137D /* Bundle + Extension.swift in Sources */,
			);
			runOnlyForDeploymentPostprocessing = 0;
		};
		ACB31AA228EB1FFC001DC999 /* Sources */ = {
			isa = PBXSourcesBuildPhase;
			buildActionMask = 2147483647;
			files = (
				ACB31AAB28EB1FFC001DC999 /* EmidateTests.swift in Sources */,
			);
			runOnlyForDeploymentPostprocessing = 0;
		};
		ACB31AAC28EB1FFC001DC999 /* Sources */ = {
			isa = PBXSourcesBuildPhase;
			buildActionMask = 2147483647;
			files = (
				ACB31AB728EB1FFC001DC999 /* EmidateUITestsLaunchTests.swift in Sources */,
				ACB31AB528EB1FFC001DC999 /* EmidateUITests.swift in Sources */,
			);
			runOnlyForDeploymentPostprocessing = 0;
		};
/* End PBXSourcesBuildPhase section */

/* Begin PBXTargetDependency section */
		ACB31AA828EB1FFC001DC999 /* PBXTargetDependency */ = {
			isa = PBXTargetDependency;
			target = ACB31A8F28EB1FFB001DC999 /* Emidate */;
			targetProxy = ACB31AA728EB1FFC001DC999 /* PBXContainerItemProxy */;
		};
		ACB31AB228EB1FFC001DC999 /* PBXTargetDependency */ = {
			isa = PBXTargetDependency;
			target = ACB31A8F28EB1FFB001DC999 /* Emidate */;
			targetProxy = ACB31AB128EB1FFC001DC999 /* PBXContainerItemProxy */;
		};
/* End PBXTargetDependency section */

/* Begin PBXVariantGroup section */
		ACB31A9E28EB1FFC001DC999 /* LaunchScreen.storyboard */ = {
			isa = PBXVariantGroup;
			children = (
				ACB31A9F28EB1FFC001DC999 /* Base */,
			);
			name = LaunchScreen.storyboard;
			sourceTree = "<group>";
		};
/* End PBXVariantGroup section */

/* Begin XCBuildConfiguration section */
		ACB31AB828EB1FFC001DC999 /* Debug */ = {
			isa = XCBuildConfiguration;
			buildSettings = {
				ALWAYS_SEARCH_USER_PATHS = NO;
				CLANG_ANALYZER_NONNULL = YES;
				CLANG_ANALYZER_NUMBER_OBJECT_CONVERSION = YES_AGGRESSIVE;
				CLANG_CXX_LANGUAGE_STANDARD = "gnu++17";
				CLANG_ENABLE_MODULES = YES;
				CLANG_ENABLE_OBJC_ARC = YES;
				CLANG_ENABLE_OBJC_WEAK = YES;
				CLANG_WARN_BLOCK_CAPTURE_AUTORELEASING = YES;
				CLANG_WARN_BOOL_CONVERSION = YES;
				CLANG_WARN_COMMA = YES;
				CLANG_WARN_CONSTANT_CONVERSION = YES;
				CLANG_WARN_DEPRECATED_OBJC_IMPLEMENTATIONS = YES;
				CLANG_WARN_DIRECT_OBJC_ISA_USAGE = YES_ERROR;
				CLANG_WARN_DOCUMENTATION_COMMENTS = YES;
				CLANG_WARN_EMPTY_BODY = YES;
				CLANG_WARN_ENUM_CONVERSION = YES;
				CLANG_WARN_INFINITE_RECURSION = YES;
				CLANG_WARN_INT_CONVERSION = YES;
				CLANG_WARN_NON_LITERAL_NULL_CONVERSION = YES;
				CLANG_WARN_OBJC_IMPLICIT_RETAIN_SELF = YES;
				CLANG_WARN_OBJC_LITERAL_CONVERSION = YES;
				CLANG_WARN_OBJC_ROOT_CLASS = YES_ERROR;
				CLANG_WARN_QUOTED_INCLUDE_IN_FRAMEWORK_HEADER = YES;
				CLANG_WARN_RANGE_LOOP_ANALYSIS = YES;
				CLANG_WARN_STRICT_PROTOTYPES = YES;
				CLANG_WARN_SUSPICIOUS_MOVE = YES;
				CLANG_WARN_UNGUARDED_AVAILABILITY = YES_AGGRESSIVE;
				CLANG_WARN_UNREACHABLE_CODE = YES;
				CLANG_WARN__DUPLICATE_METHOD_MATCH = YES;
				COPY_PHASE_STRIP = NO;
				DEBUG_INFORMATION_FORMAT = dwarf;
				ENABLE_STRICT_OBJC_MSGSEND = YES;
				ENABLE_TESTABILITY = YES;
				GCC_C_LANGUAGE_STANDARD = gnu11;
				GCC_DYNAMIC_NO_PIC = NO;
				GCC_NO_COMMON_BLOCKS = YES;
				GCC_OPTIMIZATION_LEVEL = 0;
				GCC_PREPROCESSOR_DEFINITIONS = (
					"DEBUG=1",
					"$(inherited)",
				);
				GCC_WARN_64_TO_32_BIT_CONVERSION = YES;
				GCC_WARN_ABOUT_RETURN_TYPE = YES_ERROR;
				GCC_WARN_UNDECLARED_SELECTOR = YES;
				GCC_WARN_UNINITIALIZED_AUTOS = YES_AGGRESSIVE;
				GCC_WARN_UNUSED_FUNCTION = YES;
				GCC_WARN_UNUSED_VARIABLE = YES;
				IPHONEOS_DEPLOYMENT_TARGET = 15.4;
				MTL_ENABLE_DEBUG_INFO = INCLUDE_SOURCE;
				MTL_FAST_MATH = YES;
				ONLY_ACTIVE_ARCH = YES;
				SDKROOT = iphoneos;
				SWIFT_ACTIVE_COMPILATION_CONDITIONS = DEBUG;
				SWIFT_OPTIMIZATION_LEVEL = "-Onone";
			};
			name = Debug;
		};
		ACB31AB928EB1FFC001DC999 /* Release */ = {
			isa = XCBuildConfiguration;
			buildSettings = {
				ALWAYS_SEARCH_USER_PATHS = NO;
				CLANG_ANALYZER_NONNULL = YES;
				CLANG_ANALYZER_NUMBER_OBJECT_CONVERSION = YES_AGGRESSIVE;
				CLANG_CXX_LANGUAGE_STANDARD = "gnu++17";
				CLANG_ENABLE_MODULES = YES;
				CLANG_ENABLE_OBJC_ARC = YES;
				CLANG_ENABLE_OBJC_WEAK = YES;
				CLANG_WARN_BLOCK_CAPTURE_AUTORELEASING = YES;
				CLANG_WARN_BOOL_CONVERSION = YES;
				CLANG_WARN_COMMA = YES;
				CLANG_WARN_CONSTANT_CONVERSION = YES;
				CLANG_WARN_DEPRECATED_OBJC_IMPLEMENTATIONS = YES;
				CLANG_WARN_DIRECT_OBJC_ISA_USAGE = YES_ERROR;
				CLANG_WARN_DOCUMENTATION_COMMENTS = YES;
				CLANG_WARN_EMPTY_BODY = YES;
				CLANG_WARN_ENUM_CONVERSION = YES;
				CLANG_WARN_INFINITE_RECURSION = YES;
				CLANG_WARN_INT_CONVERSION = YES;
				CLANG_WARN_NON_LITERAL_NULL_CONVERSION = YES;
				CLANG_WARN_OBJC_IMPLICIT_RETAIN_SELF = YES;
				CLANG_WARN_OBJC_LITERAL_CONVERSION = YES;
				CLANG_WARN_OBJC_ROOT_CLASS = YES_ERROR;
				CLANG_WARN_QUOTED_INCLUDE_IN_FRAMEWORK_HEADER = YES;
				CLANG_WARN_RANGE_LOOP_ANALYSIS = YES;
				CLANG_WARN_STRICT_PROTOTYPES = YES;
				CLANG_WARN_SUSPICIOUS_MOVE = YES;
				CLANG_WARN_UNGUARDED_AVAILABILITY = YES_AGGRESSIVE;
				CLANG_WARN_UNREACHABLE_CODE = YES;
				CLANG_WARN__DUPLICATE_METHOD_MATCH = YES;
				COPY_PHASE_STRIP = NO;
				DEBUG_INFORMATION_FORMAT = "dwarf-with-dsym";
				ENABLE_NS_ASSERTIONS = NO;
				ENABLE_STRICT_OBJC_MSGSEND = YES;
				GCC_C_LANGUAGE_STANDARD = gnu11;
				GCC_NO_COMMON_BLOCKS = YES;
				GCC_WARN_64_TO_32_BIT_CONVERSION = YES;
				GCC_WARN_ABOUT_RETURN_TYPE = YES_ERROR;
				GCC_WARN_UNDECLARED_SELECTOR = YES;
				GCC_WARN_UNINITIALIZED_AUTOS = YES_AGGRESSIVE;
				GCC_WARN_UNUSED_FUNCTION = YES;
				GCC_WARN_UNUSED_VARIABLE = YES;
				IPHONEOS_DEPLOYMENT_TARGET = 15.4;
				MTL_ENABLE_DEBUG_INFO = NO;
				MTL_FAST_MATH = YES;
				SDKROOT = iphoneos;
				SWIFT_COMPILATION_MODE = wholemodule;
				SWIFT_OPTIMIZATION_LEVEL = "-O";
				VALIDATE_PRODUCT = YES;
			};
			name = Release;
		};
		ACB31ABB28EB1FFC001DC999 /* Debug */ = {
			isa = XCBuildConfiguration;
			buildSettings = {
				ASSETCATALOG_COMPILER_APPICON_NAME = AppIcon;
				ASSETCATALOG_COMPILER_GLOBAL_ACCENT_COLOR_NAME = AccentColor;
				CODE_SIGN_STYLE = Automatic;
				CURRENT_PROJECT_VERSION = 1;
				DEVELOPMENT_TEAM = 5JVTTP945W;
				GENERATE_INFOPLIST_FILE = YES;
				INFOPLIST_FILE = Emidate/Info.plist;
				INFOPLIST_KEY_UIApplicationSupportsIndirectInputEvents = YES;
				INFOPLIST_KEY_UILaunchStoryboardName = LaunchScreen;
				INFOPLIST_KEY_UISupportedInterfaceOrientations_iPad = "UIInterfaceOrientationPortrait UIInterfaceOrientationPortraitUpsideDown UIInterfaceOrientationLandscapeLeft UIInterfaceOrientationLandscapeRight";
				INFOPLIST_KEY_UISupportedInterfaceOrientations_iPhone = "UIInterfaceOrientationPortrait UIInterfaceOrientationLandscapeLeft UIInterfaceOrientationLandscapeRight";
				LD_RUNPATH_SEARCH_PATHS = (
					"$(inherited)",
					"@executable_path/Frameworks",
				);
				MARKETING_VERSION = 1.0;
				PRODUCT_BUNDLE_IDENTIFIER = ff.Emidate;
				PRODUCT_NAME = "$(TARGET_NAME)";
				SWIFT_EMIT_LOC_STRINGS = YES;
				SWIFT_VERSION = 5.0;
				TARGETED_DEVICE_FAMILY = "1,2";
			};
			name = Debug;
		};
		ACB31ABC28EB1FFC001DC999 /* Release */ = {
			isa = XCBuildConfiguration;
			buildSettings = {
				ASSETCATALOG_COMPILER_APPICON_NAME = AppIcon;
				ASSETCATALOG_COMPILER_GLOBAL_ACCENT_COLOR_NAME = AccentColor;
				CODE_SIGN_STYLE = Automatic;
				CURRENT_PROJECT_VERSION = 1;
				DEVELOPMENT_TEAM = 5JVTTP945W;
				GENERATE_INFOPLIST_FILE = YES;
				INFOPLIST_FILE = Emidate/Info.plist;
				INFOPLIST_KEY_UIApplicationSupportsIndirectInputEvents = YES;
				INFOPLIST_KEY_UILaunchStoryboardName = LaunchScreen;
				INFOPLIST_KEY_UISupportedInterfaceOrientations_iPad = "UIInterfaceOrientationPortrait UIInterfaceOrientationPortraitUpsideDown UIInterfaceOrientationLandscapeLeft UIInterfaceOrientationLandscapeRight";
				INFOPLIST_KEY_UISupportedInterfaceOrientations_iPhone = "UIInterfaceOrientationPortrait UIInterfaceOrientationLandscapeLeft UIInterfaceOrientationLandscapeRight";
				LD_RUNPATH_SEARCH_PATHS = (
					"$(inherited)",
					"@executable_path/Frameworks",
				);
				MARKETING_VERSION = 1.0;
				PRODUCT_BUNDLE_IDENTIFIER = ff.Emidate;
				PRODUCT_NAME = "$(TARGET_NAME)";
				SWIFT_EMIT_LOC_STRINGS = YES;
				SWIFT_VERSION = 5.0;
				TARGETED_DEVICE_FAMILY = "1,2";
			};
			name = Release;
		};
		ACB31ABE28EB1FFC001DC999 /* Debug */ = {
			isa = XCBuildConfiguration;
			buildSettings = {
				ALWAYS_EMBED_SWIFT_STANDARD_LIBRARIES = YES;
				BUNDLE_LOADER = "$(TEST_HOST)";
				CODE_SIGN_STYLE = Automatic;
				CURRENT_PROJECT_VERSION = 1;
				DEVELOPMENT_TEAM = 5JVTTP945W;
				GENERATE_INFOPLIST_FILE = YES;
				IPHONEOS_DEPLOYMENT_TARGET = 15.4;
				MARKETING_VERSION = 1.0;
				PRODUCT_BUNDLE_IDENTIFIER = ff.EmidateTests;
				PRODUCT_NAME = "$(TARGET_NAME)";
				SWIFT_EMIT_LOC_STRINGS = NO;
				SWIFT_VERSION = 5.0;
				TARGETED_DEVICE_FAMILY = "1,2";
				TEST_HOST = "$(BUILT_PRODUCTS_DIR)/Emidate.app/Emidate";
			};
			name = Debug;
		};
		ACB31ABF28EB1FFC001DC999 /* Release */ = {
			isa = XCBuildConfiguration;
			buildSettings = {
				ALWAYS_EMBED_SWIFT_STANDARD_LIBRARIES = YES;
				BUNDLE_LOADER = "$(TEST_HOST)";
				CODE_SIGN_STYLE = Automatic;
				CURRENT_PROJECT_VERSION = 1;
				DEVELOPMENT_TEAM = 5JVTTP945W;
				GENERATE_INFOPLIST_FILE = YES;
				IPHONEOS_DEPLOYMENT_TARGET = 15.4;
				MARKETING_VERSION = 1.0;
				PRODUCT_BUNDLE_IDENTIFIER = ff.EmidateTests;
				PRODUCT_NAME = "$(TARGET_NAME)";
				SWIFT_EMIT_LOC_STRINGS = NO;
				SWIFT_VERSION = 5.0;
				TARGETED_DEVICE_FAMILY = "1,2";
				TEST_HOST = "$(BUILT_PRODUCTS_DIR)/Emidate.app/Emidate";
			};
			name = Release;
		};
		ACB31AC128EB1FFC001DC999 /* Debug */ = {
			isa = XCBuildConfiguration;
			buildSettings = {
				ALWAYS_EMBED_SWIFT_STANDARD_LIBRARIES = YES;
				CODE_SIGN_STYLE = Automatic;
				CURRENT_PROJECT_VERSION = 1;
				DEVELOPMENT_TEAM = 5JVTTP945W;
				GENERATE_INFOPLIST_FILE = YES;
				MARKETING_VERSION = 1.0;
				PRODUCT_BUNDLE_IDENTIFIER = ff.EmidateUITests;
				PRODUCT_NAME = "$(TARGET_NAME)";
				SWIFT_EMIT_LOC_STRINGS = NO;
				SWIFT_VERSION = 5.0;
				TARGETED_DEVICE_FAMILY = "1,2";
				TEST_TARGET_NAME = Emidate;
			};
			name = Debug;
		};
		ACB31AC228EB1FFC001DC999 /* Release */ = {
			isa = XCBuildConfiguration;
			buildSettings = {
				ALWAYS_EMBED_SWIFT_STANDARD_LIBRARIES = YES;
				CODE_SIGN_STYLE = Automatic;
				CURRENT_PROJECT_VERSION = 1;
				DEVELOPMENT_TEAM = 5JVTTP945W;
				GENERATE_INFOPLIST_FILE = YES;
				MARKETING_VERSION = 1.0;
				PRODUCT_BUNDLE_IDENTIFIER = ff.EmidateUITests;
				PRODUCT_NAME = "$(TARGET_NAME)";
				SWIFT_EMIT_LOC_STRINGS = NO;
				SWIFT_VERSION = 5.0;
				TARGETED_DEVICE_FAMILY = "1,2";
				TEST_TARGET_NAME = Emidate;
			};
			name = Release;
		};
/* End XCBuildConfiguration section */

/* Begin XCConfigurationList section */
		ACB31A8B28EB1FFB001DC999 /* Build configuration list for PBXProject "Emidate" */ = {
			isa = XCConfigurationList;
			buildConfigurations = (
				ACB31AB828EB1FFC001DC999 /* Debug */,
				ACB31AB928EB1FFC001DC999 /* Release */,
			);
			defaultConfigurationIsVisible = 0;
			defaultConfigurationName = Release;
		};
		ACB31ABA28EB1FFC001DC999 /* Build configuration list for PBXNativeTarget "Emidate" */ = {
			isa = XCConfigurationList;
			buildConfigurations = (
				ACB31ABB28EB1FFC001DC999 /* Debug */,
				ACB31ABC28EB1FFC001DC999 /* Release */,
			);
			defaultConfigurationIsVisible = 0;
			defaultConfigurationName = Release;
		};
		ACB31ABD28EB1FFC001DC999 /* Build configuration list for PBXNativeTarget "EmidateTests" */ = {
			isa = XCConfigurationList;
			buildConfigurations = (
				ACB31ABE28EB1FFC001DC999 /* Debug */,
				ACB31ABF28EB1FFC001DC999 /* Release */,
			);
			defaultConfigurationIsVisible = 0;
			defaultConfigurationName = Release;
		};
		ACB31AC028EB1FFC001DC999 /* Build configuration list for PBXNativeTarget "EmidateUITests" */ = {
			isa = XCConfigurationList;
			buildConfigurations = (
				ACB31AC128EB1FFC001DC999 /* Debug */,
				ACB31AC228EB1FFC001DC999 /* Release */,
			);
			defaultConfigurationIsVisible = 0;
			defaultConfigurationName = Release;
		};
/* End XCConfigurationList section */
	};
	rootObject = ACB31A8828EB1FFB001DC999 /* Project object */;
}
